
Microsoft Visual Studio Solution File, Format Version 11.00
# Visual Studio 2010
Project("{FAE04EC0-301F-11D3-BF4B-00C04F79EFBC}") = "Assembly-CSharp", "Assembly-CSharp.csproj", "{CD200EDB-C362-1422-7A25-96D77BDC86C6}"
EndProject
Project("{FAE04EC0-301F-11D3-BF4B-00C04F79EFBC}") = "Assembly-CSharp-Editor", "Assembly-CSharp-Editor.csproj", "{C38659C0-F5E7-40E4-AC3B-CE1B8FEBD282}"
EndProject
Global
	GlobalSection(SolutionConfigurationPlatforms) = preSolution
		Debug|Any CPU = Debug|Any CPU
		Release|Any CPU = Release|Any CPU
	EndGlobalSection
	GlobalSection(ProjectConfigurationPlatforms) = postSolution
		{CD200EDB-C362-1422-7A25-96D77BDC86C6}.Debug|Any CPU.ActiveCfg = Debug|Any CPU
		{CD200EDB-C362-1422-7A25-96D77BDC86C6}.Debug|Any CPU.Build.0 = Debug|Any CPU
		{CD200EDB-C362-1422-7A25-96D77BDC86C6}.Release|Any CPU.ActiveCfg = Release|Any CPU
		{CD200EDB-C362-1422-7A25-96D77BDC86C6}.Release|Any CPU.Build.0 = Release|Any CPU
		{C38659C0-F5E7-40E4-AC3B-CE1B8FEBD282}.Debug|Any CPU.ActiveCfg = Debug|Any CPU
		{C38659C0-F5E7-40E4-AC3B-CE1B8FEBD282}.Debug|Any CPU.Build.0 = Debug|Any CPU
		{C38659C0-F5E7-40E4-AC3B-CE1B8FEBD282}.Release|Any CPU.ActiveCfg = Release|Any CPU
		{C38659C0-F5E7-40E4-AC3B-CE1B8FEBD282}.Release|Any CPU.Build.0 = Release|Any CPU
	EndGlobalSection
	GlobalSection(SolutionProperties) = preSolution
		HideSolutionNode = FALSE
	EndGlobalSection
EndGlobal
